// !$*UTF8*$!
{
	archiveVersion = 1;
	classes = {
	};
	objectVersion = 46;
	objects = {

/* Begin PBXBuildFile section */
		26323FF119DEF44C003EB271 /* AppDelegate.swift in Sources */ = {isa = PBXBuildFile; fileRef = 26323FF019DEF44C003EB271 /* AppDelegate.swift */; };
		26323FF319DEF44C003EB271 /* ViewController.swift in Sources */ = {isa = PBXBuildFile; fileRef = 26323FF219DEF44C003EB271 /* ViewController.swift */; };
		26323FF619DEF44C003EB271 /* Main.storyboard in Resources */ = {isa = PBXBuildFile; fileRef = 26323FF419DEF44C003EB271 /* Main.storyboard */; };
		26323FF819DEF44C003EB271 /* Images.xcassets in Resources */ = {isa = PBXBuildFile; fileRef = 26323FF719DEF44C003EB271 /* Images.xcassets */; };
		26323FFB19DEF44C003EB271 /* LaunchScreen.xib in Resources */ = {isa = PBXBuildFile; fileRef = 26323FF919DEF44C003EB271 /* LaunchScreen.xib */; };
		2632400719DEF44C003EB271 /* DynamicScrollViewTests.swift in Sources */ = {isa = PBXBuildFile; fileRef = 2632400619DEF44C003EB271 /* DynamicScrollViewTests.swift */; };
		2632401619DF0F53003EB271 /* ExampleView.swift in Sources */ = {isa = PBXBuildFile; fileRef = 2632401519DF0F53003EB271 /* ExampleView.swift */; };
		2632401B19DF42AB003EB271 /* DSDynamicScrollView.swift in Sources */ = {isa = PBXBuildFile; fileRef = 2632401919DF42AB003EB271 /* DSDynamicScrollView.swift */; };
		2632401C19DF42AB003EB271 /* DSDynamicView.swift in Sources */ = {isa = PBXBuildFile; fileRef = 2632401A19DF42AB003EB271 /* DSDynamicView.swift */; };
/* End PBXBuildFile section */

/* Begin PBXContainerItemProxy section */
		2632400119DEF44C003EB271 /* PBXContainerItemProxy */ = {
			isa = PBXContainerItemProxy;
			containerPortal = 26323FE319DEF44C003EB271 /* Project object */;
			proxyType = 1;
			remoteGlobalIDString = 26323FEA19DEF44C003EB271;
			remoteInfo = DynamicScrollView;
		};
/* End PBXContainerItemProxy section */

/* Begin PBXFileReference section */
		26323FEB19DEF44C003EB271 /* DynamicScrollView.app */ = {isa = PBXFileReference; explicitFileType = wrapper.application; includeInIndex = 0; path = DynamicScrollView.app; sourceTree = BUILT_PRODUCTS_DIR; };
		26323FEF19DEF44C003EB271 /* Info.plist */ = {isa = PBXFileReference; lastKnownFileType = text.plist.xml; path = Info.plist; sourceTree = "<group>"; };
		26323FF019DEF44C003EB271 /* AppDelegate.swift */ = {isa = PBXFileReference; lastKnownFileType = sourcecode.swift; path = AppDelegate.swift; sourceTree = "<group>"; };
		26323FF219DEF44C003EB271 /* ViewController.swift */ = {isa = PBXFileReference; lastKnownFileType = sourcecode.swift; path = ViewController.swift; sourceTree = "<group>"; };
		26323FF519DEF44C003EB271 /* Base */ = {isa = PBXFileReference; lastKnownFileType = file.storyboard; name = Base; path = Base.lproj/Main.storyboard; sourceTree = "<group>"; };
		26323FF719DEF44C003EB271 /* Images.xcassets */ = {isa = PBXFileReference; lastKnownFileType = folder.assetcatalog; path = Images.xcassets; sourceTree = "<group>"; };
		26323FFA19DEF44C003EB271 /* Base */ = {isa = PBXFileReference; lastKnownFileType = file.xib; name = Base; path = Base.lproj/LaunchScreen.xib; sourceTree = "<group>"; };
		2632400019DEF44C003EB271 /* DynamicScrollViewTests.xctest */ = {isa = PBXFileReference; explicitFileType = wrapper.cfbundle; includeInIndex = 0; path = DynamicScrollViewTests.xctest; sourceTree = BUILT_PRODUCTS_DIR; };
		2632400519DEF44C003EB271 /* Info.plist */ = {isa = PBXFileReference; lastKnownFileType = text.plist.xml; path = Info.plist; sourceTree = "<group>"; };
		2632400619DEF44C003EB271 /* DynamicScrollViewTests.swift */ = {isa = PBXFileReference; lastKnownFileType = sourcecode.swift; path = DynamicScrollViewTests.swift; sourceTree = "<group>"; };
		2632401519DF0F53003EB271 /* ExampleView.swift */ = {isa = PBXFileReference; fileEncoding = 4; lastKnownFileType = sourcecode.swift; path = ExampleView.swift; sourceTree = "<group>"; };
		2632401919DF42AB003EB271 /* DSDynamicScrollView.swift */ = {isa = PBXFileReference; fileEncoding = 4; lastKnownFileType = sourcecode.swift; name = DSDynamicScrollView.swift; path = ../Component_Swift/DSDynamicScrollView.swift; sourceTree = "<group>"; };
		2632401A19DF42AB003EB271 /* DSDynamicView.swift */ = {isa = PBXFileReference; fileEncoding = 4; lastKnownFileType = sourcecode.swift; name = DSDynamicView.swift; path = ../Component_Swift/DSDynamicView.swift; sourceTree = "<group>"; };
/* End PBXFileReference section */

/* Begin PBXFrameworksBuildPhase section */
		26323FE819DEF44C003EB271 /* Frameworks */ = {
			isa = PBXFrameworksBuildPhase;
			buildActionMask = 2147483647;
			files = (
			);
			runOnlyForDeploymentPostprocessing = 0;
		};
		26323FFD19DEF44C003EB271 /* Frameworks */ = {
			isa = PBXFrameworksBuildPhase;
			buildActionMask = 2147483647;
			files = (
			);
			runOnlyForDeploymentPostprocessing = 0;
		};
/* End PBXFrameworksBuildPhase section */

/* Begin PBXGroup section */
		26323FE219DEF44C003EB271 = {
			isa = PBXGroup;
			children = (
				2632401019DEF482003EB271 /* Component */,
				26323FED19DEF44C003EB271 /* DynamicScrollView */,
				2632400319DEF44C003EB271 /* DynamicScrollViewTests */,
				26323FEC19DEF44C003EB271 /* Products */,
			);
			sourceTree = "<group>";
		};
		26323FEC19DEF44C003EB271 /* Products */ = {
			isa = PBXGroup;
			children = (
				26323FEB19DEF44C003EB271 /* DynamicScrollView.app */,
				2632400019DEF44C003EB271 /* DynamicScrollViewTests.xctest */,
			);
			name = Products;
			sourceTree = "<group>";
		};
		26323FED19DEF44C003EB271 /* DynamicScrollView */ = {
			isa = PBXGroup;
			children = (
				26323FF019DEF44C003EB271 /* AppDelegate.swift */,
				26323FF219DEF44C003EB271 /* ViewController.swift */,
				2632401519DF0F53003EB271 /* ExampleView.swift */,
				26323FF419DEF44C003EB271 /* Main.storyboard */,
				26323FF719DEF44C003EB271 /* Images.xcassets */,
				26323FF919DEF44C003EB271 /* LaunchScreen.xib */,
				26323FEE19DEF44C003EB271 /* Supporting Files */,
			);
			path = DynamicScrollView;
			sourceTree = "<group>";
		};
		26323FEE19DEF44C003EB271 /* Supporting Files */ = {
			isa = PBXGroup;
			children = (
				26323FEF19DEF44C003EB271 /* Info.plist */,
			);
			name = "Supporting Files";
			sourceTree = "<group>";
		};
		2632400319DEF44C003EB271 /* DynamicScrollViewTests */ = {
			isa = PBXGroup;
			children = (
				2632400619DEF44C003EB271 /* DynamicScrollViewTests.swift */,
				2632400419DEF44C003EB271 /* Supporting Files */,
			);
			path = DynamicScrollViewTests;
			sourceTree = "<group>";
		};
		2632400419DEF44C003EB271 /* Supporting Files */ = {
			isa = PBXGroup;
			children = (
				2632400519DEF44C003EB271 /* Info.plist */,
			);
			name = "Supporting Files";
			sourceTree = "<group>";
		};
		2632401019DEF482003EB271 /* Component */ = {
			isa = PBXGroup;
			children = (
				2632401919DF42AB003EB271 /* DSDynamicScrollView.swift */,
				2632401A19DF42AB003EB271 /* DSDynamicView.swift */,
			);
			name = Component;
			sourceTree = "<group>";
		};
/* End PBXGroup section */

/* Begin PBXNativeTarget section */
		26323FEA19DEF44C003EB271 /* DynamicScrollView */ = {
			isa = PBXNativeTarget;
			buildConfigurationList = 2632400A19DEF44C003EB271 /* Build configuration list for PBXNativeTarget "DynamicScrollView" */;
			buildPhases = (
				26323FE719DEF44C003EB271 /* Sources */,
				26323FE819DEF44C003EB271 /* Frameworks */,
				26323FE919DEF44C003EB271 /* Resources */,
			);
			buildRules = (
			);
			dependencies = (
			);
			name = DynamicScrollView;
			productName = DynamicScrollView;
			productReference = 26323FEB19DEF44C003EB271 /* DynamicScrollView.app */;
			productType = "com.apple.product-type.application";
		};
		26323FFF19DEF44C003EB271 /* DynamicScrollViewTests */ = {
			isa = PBXNativeTarget;
			buildConfigurationList = 2632400D19DEF44C003EB271 /* Build configuration list for PBXNativeTarget "DynamicScrollViewTests" */;
			buildPhases = (
				26323FFC19DEF44C003EB271 /* Sources */,
				26323FFD19DEF44C003EB271 /* Frameworks */,
				26323FFE19DEF44C003EB271 /* Resources */,
			);
			buildRules = (
			);
			dependencies = (
				2632400219DEF44C003EB271 /* PBXTargetDependency */,
			);
			name = DynamicScrollViewTests;
			productName = DynamicScrollViewTests;
			productReference = 2632400019DEF44C003EB271 /* DynamicScrollViewTests.xctest */;
			productType = "com.apple.product-type.bundle.unit-test";
		};
/* End PBXNativeTarget section */

/* Begin PBXProject section */
		26323FE319DEF44C003EB271 /* Project object */ = {
			isa = PBXProject;
			attributes = {
				LastUpgradeCheck = 0600;
				ORGANIZATIONNAME = damirstuhec;
				TargetAttributes = {
					26323FEA19DEF44C003EB271 = {
						CreatedOnToolsVersion = 6.0;
					};
					26323FFF19DEF44C003EB271 = {
						CreatedOnToolsVersion = 6.0;
						TestTargetID = 26323FEA19DEF44C003EB271;
					};
				};
			};
			buildConfigurationList = 26323FE619DEF44C003EB271 /* Build configuration list for PBXProject "DynamicScrollView" */;
			compatibilityVersion = "Xcode 3.2";
			developmentRegion = English;
			hasScannedForEncodings = 0;
			knownRegions = (
				en,
				Base,
			);
			mainGroup = 26323FE219DEF44C003EB271;
			productRefGroup = 26323FEC19DEF44C003EB271 /* Products */;
			projectDirPath = "";
			projectRoot = "";
			targets = (
				26323FEA19DEF44C003EB271 /* DynamicScrollView */,
				26323FFF19DEF44C003EB271 /* DynamicScrollViewTests */,
			);
		};
/* End PBXProject section */

/* Begin PBXResourcesBuildPhase section */
		26323FE919DEF44C003EB271 /* Resources */ = {
			isa = PBXResourcesBuildPhase;
			buildActionMask = 2147483647;
			files = (
				26323FF619DEF44C003EB271 /* Main.storyboard in Resources */,
				26323FFB19DEF44C003EB271 /* LaunchScreen.xib in Resources */,
				26323FF819DEF44C003EB271 /* Images.xcassets in Resources */,
			);
			runOnlyForDeploymentPostprocessing = 0;
		};
		26323FFE19DEF44C003EB271 /* Resources */ = {
			isa = PBXResourcesBuildPhase;
			buildActionMask = 2147483647;
			files = (
			);
			runOnlyForDeploymentPostprocessing = 0;
		};
/* End PBXResourcesBuildPhase section */

/* Begin PBXSourcesBuildPhase section */
		26323FE719DEF44C003EB271 /* Sources */ = {
			isa = PBXSourcesBuildPhase;
			buildActionMask = 2147483647;
			files = (
				2632401C19DF42AB003EB271 /* DSDynamicView.swift in Sources */,
				26323FF319DEF44C003EB271 /* ViewController.swift in Sources */,
				26323FF119DEF44C003EB271 /* AppDelegate.swift in Sources */,
				2632401B19DF42AB003EB271 /* DSDynamicScrollView.swift in Sources */,
				2632401619DF0F53003EB271 /* ExampleView.swift in Sources */,
			);
			runOnlyForDeploymentPostprocessing = 0;
		};
		26323FFC19DEF44C003EB271 /* Sources */ = {
			isa = PBXSourcesBuildPhase;
			buildActionMask = 2147483647;
			files = (
				2632400719DEF44C003EB271 /* DynamicScrollViewTests.swift in Sources */,
			);
			runOnlyForDeploymentPostprocessing = 0;
		};
/* End PBXSourcesBuildPhase section */

/* Begin PBXTargetDependency section */
		2632400219DEF44C003EB271 /* PBXTargetDependency */ = {
			isa = PBXTargetDependency;
			target = 26323FEA19DEF44C003EB271 /* DynamicScrollView */;
			targetProxy = 2632400119DEF44C003EB271 /* PBXContainerItemProxy */;
		};
/* End PBXTargetDependency section */

/* Begin PBXVariantGroup section */
		26323FF419DEF44C003EB271 /* Main.storyboard */ = {
			isa = PBXVariantGroup;
			children = (
				26323FF519DEF44C003EB271 /* Base */,
			);
			name = Main.storyboard;
			sourceTree = "<group>";
		};
		26323FF919DEF44C003EB271 /* LaunchScreen.xib */ = {
			isa = PBXVariantGroup;
			children = (
				26323FFA19DEF44C003EB271 /* Base */,
			);
			name = LaunchScreen.xib;
			sourceTree = "<group>";
		};
/* End PBXVariantGroup section */

/* Begin XCBuildConfiguration section */
		2632400819DEF44C003EB271 /* Debug */ = {
			isa = XCBuildConfiguration;
			buildSettings = {
				ALWAYS_SEARCH_USER_PATHS = NO;
				CLANG_CXX_LANGUAGE_STANDARD = "gnu++0x";
				CLANG_CXX_LIBRARY = "libc++";
				CLANG_ENABLE_MODULES = YES;
				CLANG_ENABLE_OBJC_ARC = YES;
				CLANG_WARN_BOOL_CONVERSION = YES;
				CLANG_WARN_CONSTANT_CONVERSION = YES;
				CLANG_WARN_DIRECT_OBJC_ISA_USAGE = YES_ERROR;
				CLANG_WARN_EMPTY_BODY = YES;
				CLANG_WARN_ENUM_CONVERSION = YES;
				CLANG_WARN_INT_CONVERSION = YES;
				CLANG_WARN_OBJC_ROOT_CLASS = YES_ERROR;
				CLANG_WARN_UNREACHABLE_CODE = YES;
				CLANG_WARN__DUPLICATE_METHOD_MATCH = YES;
				"CODE_SIGN_IDENTITY[sdk=iphoneos*]" = "iPhone Developer";
				COPY_PHASE_STRIP = NO;
				ENABLE_STRICT_OBJC_MSGSEND = YES;
				GCC_C_LANGUAGE_STANDARD = gnu99;
				GCC_DYNAMIC_NO_PIC = NO;
				GCC_OPTIMIZATION_LEVEL = 0;
				GCC_PREPROCESSOR_DEFINITIONS = (
					"DEBUG=1",
					"$(inherited)",
				);
				GCC_SYMBOLS_PRIVATE_EXTERN = NO;
				GCC_WARN_64_TO_32_BIT_CONVERSION = YES;
				GCC_WARN_ABOUT_RETURN_TYPE = YES_ERROR;
				GCC_WARN_UNDECLARED_SELECTOR = YES;
				GCC_WARN_UNINITIALIZED_AUTOS = YES_AGGRESSIVE;
				GCC_WARN_UNUSED_FUNCTION = YES;
				GCC_WARN_UNUSED_VARIABLE = YES;
				IPHONEOS_DEPLOYMENT_TARGET = 8.0;
				MTL_ENABLE_DEBUG_INFO = YES;
				ONLY_ACTIVE_ARCH = YES;
				SDKROOT = iphoneos;
				SWIFT_OPTIMIZATION_LEVEL = "-Onone";
			};
			name = Debug;
		};
		2632400919DEF44C003EB271 /* Release */ = {
			isa = XCBuildConfiguration;
			buildSettings = {
				ALWAYS_SEARCH_USER_PATHS = NO;
				CLANG_CXX_LANGUAGE_STANDARD = "gnu++0x";
				CLANG_CXX_LIBRARY = "libc++";
				CLANG_ENABLE_MODULES = YES;
				CLANG_ENABLE_OBJC_ARC = YES;
				CLANG_WARN_BOOL_CONVERSION = YES;
				CLANG_WARN_CONSTANT_CONVERSION = YES;
				CLANG_WARN_DIRECT_OBJC_ISA_USAGE = YES_ERROR;
				CLANG_WARN_EMPTY_BODY = YES;
				CLANG_WARN_ENUM_CONVERSION = YES;
				CLANG_WARN_INT_CONVERSION = YES;
				CLANG_WARN_OBJC_ROOT_CLASS = YES_ERROR;
				CLANG_WARN_UNREACHABLE_CODE = YES;
				CLANG_WARN__DUPLICATE_METHOD_MATCH = YES;
				"CODE_SIGN_IDENTITY[sdk=iphoneos*]" = "iPhone Developer";
				COPY_PHASE_STRIP = YES;
				ENABLE_NS_ASSERTIONS = NO;
				ENABLE_STRICT_OBJC_MSGSEND = YES;
				GCC_C_LANGUAGE_STANDARD = gnu99;
				GCC_WARN_64_TO_32_BIT_CONVERSION = YES;
				GCC_WARN_ABOUT_RETURN_TYPE = YES_ERROR;
				GCC_WARN_UNDECLARED_SELECTOR = YES;
				GCC_WARN_UNINITIALIZED_AUTOS = YES_AGGRESSIVE;
				GCC_WARN_UNUSED_FUNCTION = YES;
				GCC_WARN_UNUSED_VARIABLE = YES;
				IPHONEOS_DEPLOYMENT_TARGET = 8.0;
				MTL_ENABLE_DEBUG_INFO = NO;
				SDKROOT = iphoneos;
				VALIDATE_PRODUCT = YES;
			};
			name = Release;
		};
		2632400B19DEF44C003EB271 /* Debug */ = {
			isa = XCBuildConfiguration;
			buildSettings = {
				ASSETCATALOG_COMPILER_APPICON_NAME = AppIcon;
				INFOPLIST_FILE = DynamicScrollView/Info.plist;
				LD_RUNPATH_SEARCH_PATHS = "$(inherited) @executable_path/Frameworks";
				PRODUCT_NAME = "$(TARGET_NAME)";
			};
			name = Debug;
		};
		2632400C19DEF44C003EB271 /* Release */ = {
			isa = XCBuildConfiguration;
			buildSettings = {
				ASSETCATALOG_COMPILER_APPICON_NAME = AppIcon;
				INFOPLIST_FILE = DynamicScrollView/Info.plist;
				LD_RUNPATH_SEARCH_PATHS = "$(inherited) @executable_path/Frameworks";
				PRODUCT_NAME = "$(TARGET_NAME)";
			};
			name = Release;
		};
		2632400E19DEF44C003EB271 /* Debug */ = {
			isa = XCBuildConfiguration;
			buildSettings = {
				BUNDLE_LOADER = "$(TEST_HOST)";
				FRAMEWORK_SEARCH_PATHS = (
					"$(SDKROOT)/Developer/Library/Frameworks",
					"$(inherited)",
				);
				GCC_PREPROCESSOR_DEFINITIONS = (
					"DEBUG=1",
					"$(inherited)",
				);
				INFOPLIST_FILE = DynamicScrollViewTests/Info.plist;
				LD_RUNPATH_SEARCH_PATHS = "$(inherited) @executable_path/Frameworks @loader_path/Frameworks";
				PRODUCT_NAME = "$(TARGET_NAME)";
				TEST_HOST = "$(BUILT_PRODUCTS_DIR)/DynamicScrollView.app/DynamicScrollView";
			};
			name = Debug;
		};
		2632400F19DEF44C003EB271 /* Release */ = {
			isa = XCBuildConfiguration;
			buildSettings = {
				BUNDLE_LOADER = "$(TEST_HOST)";
				FRAMEWORK_SEARCH_PATHS = (
					"$(SDKROOT)/Developer/Library/Frameworks",
					"$(inherited)",
				);
				INFOPLIST_FILE = DynamicScrollViewTests/Info.plist;
				LD_RUNPATH_SEARCH_PATHS = "$(inherited) @executable_path/Frameworks @loader_path/Frameworks";
				PRODUCT_NAME = "$(TARGET_NAME)";
				TEST_HOST = "$(BUILT_PRODUCTS_DIR)/DynamicScrollView.app/DynamicScrollView";
			};
			name = Release;
		};
/* End XCBuildConfiguration section */

/* Begin XCConfigurationList section */
		26323FE619DEF44C003EB271 /* Build configuration list for PBXProject "DynamicScrollView" */ = {
			isa = XCConfigurationList;
			buildConfigurations = (
				2632400819DEF44C003EB271 /* Debug */,
				2632400919DEF44C003EB271 /* Release */,
			);
			defaultConfigurationIsVisible = 0;
			defaultConfigurationName = Release;
		};
		2632400A19DEF44C003EB271 /* Build configuration list for PBXNativeTarget "DynamicScrollView" */ = {
			isa = XCConfigurationList;
			buildConfigurations = (
				2632400B19DEF44C003EB271 /* Debug */,
				2632400C19DEF44C003EB271 /* Release */,
			);
			defaultConfigurationIsVisible = 0;
			defaultConfigurationName = Release;
		};
		2632400D19DEF44C003EB271 /* Build configuration list for PBXNativeTarget "DynamicScrollViewTests" */ = {
			isa = XCConfigurationList;
			buildConfigurations = (
				2632400E19DEF44C003EB271 /* Debug */,
				2632400F19DEF44C003EB271 /* Release */,
			);
			defaultConfigurationIsVisible = 0;
			defaultConfigurationName = Release;
		};
/* End XCConfigurationList section */
	};
	rootObject = 26323FE319DEF44C003EB271 /* Project object */;
}
